
Microsoft Visual Studio Solution File, Format Version 12.00
# Visual Studio 2012
Project("{8BC9CEB8-8B4A-11D0-8D11-00A0C91BC942}") = "Zadanie 1", "Zadanie 1\Zadanie 1.vcxproj", "{4BAB58BE-777A-442D-B850-53C397B5B811}"
EndProject
Global
	GlobalSection(SolutionConfigurationPlatforms) = preSolution
		Debug|Win32 = Debug|Win32
		Release|Win32 = Release|Win32
	EndGlobalSection
	GlobalSection(ProjectConfigurationPlatforms) = postSolution
		{4BAB58BE-777A-442D-B850-53C397B5B811}.Debug|Win32.ActiveCfg = Debug|Win32
		{4BAB58BE-777A-442D-B850-53C397B5B811}.Debug|Win32.Build.0 = Debug|Win32
		{4BAB58BE-777A-442D-B850-53C397B5B811}.Release|Win32.ActiveCfg = Release|Win32
		{4BAB58BE-777A-442D-B850-53C397B5B811}.Release|Win32.Build.0 = Release|Win32
	EndGlobalSection
	GlobalSection(SolutionProperties) = preSolution
		HideSolutionNode = FALSE
	EndGlobalSection
EndGlobal
